{"filter":false,"title":"Gemfile.lock","tooltip":"/meshiterro/Gemfile.lock","undoManager":{"mark":-1,"position":-1,"stack":[]},"ace":{"folds":[],"scrolltop":525,"scrollleft":0,"selection":{"start":{"row":0,"column":0},"end":{"row":0,"column":0},"isBackwards":false},"options":{"guessTabSize":true,"useWrapMode":false,"wrapToView":true},"firstLineState":{"row":36,"state":"start","mode":"ace/mode/text"}},"timestamp":1674028425857,"hash":"70a1dc5c70007653762a6cf70949bd51521eecb5"}